
Microsoft Visual Studio Solution File, Format Version 12.00
# Visual Studio Version 17
VisualStudioVersion = 17.6.33829.357
MinimumVisualStudioVersion = 10.0.40219.1
Project("{FAE04EC0-301F-11D3-BF4B-00C04F79EFBC}") = "ESToreWebApi", "ESToreWebApi.csproj", "{A260F58D-8D46-4FE4-AE7E-7EFBEFD966FE}"
EndProject
Global
	GlobalSection(SolutionConfigurationPlatforms) = preSolution
		Debug|Any CPU = Debug|Any CPU
		Release|Any CPU = Release|Any CPU
	EndGlobalSection
	GlobalSection(ProjectConfigurationPlatforms) = postSolution
		{A260F58D-8D46-4FE4-AE7E-7EFBEFD966FE}.Debug|Any CPU.ActiveCfg = Debug|Any CPU
		{A260F58D-8D46-4FE4-AE7E-7EFBEFD966FE}.Debug|Any CPU.Build.0 = Debug|Any CPU
		{A260F58D-8D46-4FE4-AE7E-7EFBEFD966FE}.Release|Any CPU.ActiveCfg = Release|Any CPU
		{A260F58D-8D46-4FE4-AE7E-7EFBEFD966FE}.Release|Any CPU.Build.0 = Release|Any CPU
	EndGlobalSection
	GlobalSection(SolutionProperties) = preSolution
		HideSolutionNode = FALSE
	EndGlobalSection
	GlobalSection(ExtensibilityGlobals) = postSolution
		SolutionGuid = {811A65D7-F296-44B8-8832-E72DF0FDABF6}
	EndGlobalSection
EndGlobal
