
Microsoft Visual Studio Solution File, Format Version 12.00
# Visual Studio Version 17
VisualStudioVersion = 17.6.33829.357
MinimumVisualStudioVersion = 10.0.40219.1
Project("{FAE04EC0-301F-11D3-BF4B-00C04F79EFBC}") = "WebApplicationDay12", "WebApplicationDay12.csproj", "{8F96CC9D-77D3-4934-A9FF-1617DF99EC4B}"
EndProject
Global
	GlobalSection(SolutionConfigurationPlatforms) = preSolution
		Debug|Any CPU = Debug|Any CPU
		Release|Any CPU = Release|Any CPU
	EndGlobalSection
	GlobalSection(ProjectConfigurationPlatforms) = postSolution
		{8F96CC9D-77D3-4934-A9FF-1617DF99EC4B}.Debug|Any CPU.ActiveCfg = Debug|Any CPU
		{8F96CC9D-77D3-4934-A9FF-1617DF99EC4B}.Debug|Any CPU.Build.0 = Debug|Any CPU
		{8F96CC9D-77D3-4934-A9FF-1617DF99EC4B}.Release|Any CPU.ActiveCfg = Release|Any CPU
		{8F96CC9D-77D3-4934-A9FF-1617DF99EC4B}.Release|Any CPU.Build.0 = Release|Any CPU
	EndGlobalSection
	GlobalSection(SolutionProperties) = preSolution
		HideSolutionNode = FALSE
	EndGlobalSection
	GlobalSection(ExtensibilityGlobals) = postSolution
		SolutionGuid = {058E9FCE-28BB-4244-8A16-1B61B13FD5CC}
	EndGlobalSection
EndGlobal
